
Microsoft Visual Studio Solution File, Format Version 12.00
# Visual Studio Version 17
VisualStudioVersion = 17.10.34928.147
MinimumVisualStudioVersion = 10.0.40219.1
Project("{FAE04EC0-301F-11D3-BF4B-00C04F79EFBC}") = "MyWebApp.Server", "MyWebApp.Server\MyWebApp.Server.csproj", "{D89E10FA-3708-4F46-9CEB-8D3C5E1C464E}"
EndProject
Global
	GlobalSection(SolutionConfigurationPlatforms) = preSolution
		Debug|Any CPU = Debug|Any CPU
		Release|Any CPU = Release|Any CPU
	EndGlobalSection
	GlobalSection(ProjectConfigurationPlatforms) = postSolution
		{D89E10FA-3708-4F46-9CEB-8D3C5E1C464E}.Debug|Any CPU.ActiveCfg = Debug|Any CPU
		{D89E10FA-3708-4F46-9CEB-8D3C5E1C464E}.Debug|Any CPU.Build.0 = Debug|Any CPU
		{D89E10FA-3708-4F46-9CEB-8D3C5E1C464E}.Release|Any CPU.ActiveCfg = Release|Any CPU
		{D89E10FA-3708-4F46-9CEB-8D3C5E1C464E}.Release|Any CPU.Build.0 = Release|Any CPU
	EndGlobalSection
	GlobalSection(SolutionProperties) = preSolution
		HideSolutionNode = FALSE
	EndGlobalSection
	GlobalSection(ExtensibilityGlobals) = postSolution
		SolutionGuid = {3E251DE6-F021-4E1B-A0E6-F9BD1B09E499}
	EndGlobalSection
EndGlobal
