
Microsoft Visual Studio Solution File, Format Version 12.00
# Visual Studio Version 17
VisualStudioVersion = 17.10.34928.147
MinimumVisualStudioVersion = 10.0.40219.1
Project("{9A19103F-16F7-4668-BE54-9A1E7A4F7556}") = "MyWebApp.Server", "MyWebApp.Server\MyWebApp.Server.csproj", "{D89E10FA-3708-4F46-9CEB-8D3C5E1C464E}"
Project("{9A19103F-16F7-4668-BE54-9A1E7A4F7556}") = "MyWebApp.Server", "MyWebApp.Server\MyWebApp.Server.csproj", "{D89E10FA-3708-4F46-9CEB-8D3C5E1C464E}"
EndProject
Project("{2150E333-8FDC-42A3-9474-1A3956D46DE8}") = "HelseIdDownloads", "HelseIdDownloads", "{6374A553-1298-460A-AE60-D03CF5840770}"
	ProjectSection(SolutionItems) = preProject
		HelseIdDownloads\HelseID Configuration Fhi.HelseId.DemoWebClient1 [FBFE].json = HelseIdDownloads\HelseID Configuration Fhi.HelseId.DemoWebClient1 [FBFE].json
	EndProjectSection
EndProject
Project("{54A90642-561A-4BB1-A94E-469ADEE60C69}") = "MyWebApp.Client", "MyWebApp.Client\MyWebApp.Client.esproj", "{0F9BDB5D-F5BE-4001-A2CB-A8889F715A6A}"
EndProject
Global
	GlobalSection(SolutionConfigurationPlatforms) = preSolution
		Debug|Any CPU = Debug|Any CPU
		Release|Any CPU = Release|Any CPU
	EndGlobalSection
	GlobalSection(ProjectConfigurationPlatforms) = postSolution
		{D89E10FA-3708-4F46-9CEB-8D3C5E1C464E}.Debug|Any CPU.ActiveCfg = Debug|Any CPU
		{D89E10FA-3708-4F46-9CEB-8D3C5E1C464E}.Debug|Any CPU.Build.0 = Debug|Any CPU
		{D89E10FA-3708-4F46-9CEB-8D3C5E1C464E}.Release|Any CPU.ActiveCfg = Release|Any CPU
		{D89E10FA-3708-4F46-9CEB-8D3C5E1C464E}.Release|Any CPU.Build.0 = Release|Any CPU
		{0F9BDB5D-F5BE-4001-A2CB-A8889F715A6A}.Debug|Any CPU.ActiveCfg = Debug|Any CPU
		{0F9BDB5D-F5BE-4001-A2CB-A8889F715A6A}.Debug|Any CPU.Build.0 = Debug|Any CPU
		{0F9BDB5D-F5BE-4001-A2CB-A8889F715A6A}.Debug|Any CPU.Deploy.0 = Debug|Any CPU
		{0F9BDB5D-F5BE-4001-A2CB-A8889F715A6A}.Release|Any CPU.ActiveCfg = Release|Any CPU
		{0F9BDB5D-F5BE-4001-A2CB-A8889F715A6A}.Release|Any CPU.Build.0 = Release|Any CPU
		{0F9BDB5D-F5BE-4001-A2CB-A8889F715A6A}.Release|Any CPU.Deploy.0 = Release|Any CPU
	EndGlobalSection
	GlobalSection(SolutionProperties) = preSolution
		HideSolutionNode = FALSE
	EndGlobalSection
	GlobalSection(ExtensibilityGlobals) = postSolution
		SolutionGuid = {3E251DE6-F021-4E1B-A0E6-F9BD1B09E499}
	EndGlobalSection
EndGlobal
